
Microsoft Visual Studio Solution File, Format Version 12.00
# Visual Studio 15
VisualStudioVersion = 15.0.28307.421
MinimumVisualStudioVersion = 10.0.40219.1
Project("{FAE04EC0-301F-11D3-BF4B-00C04F79EFBC}") = "Chosen_Artefact", "Chosen_Artefact\Chosen_Artefact.csproj", "{B1AFE8CB-399B-49EA-B1A5-E37FC446C04A}"
EndProject
Global
	GlobalSection(SolutionConfigurationPlatforms) = preSolution
		Debug|Any CPU = Debug|Any CPU
		Release|Any CPU = Release|Any CPU
	EndGlobalSection
	GlobalSection(ProjectConfigurationPlatforms) = postSolution
		{B1AFE8CB-399B-49EA-B1A5-E37FC446C04A}.Debug|Any CPU.ActiveCfg = Debug|Any CPU
		{B1AFE8CB-399B-49EA-B1A5-E37FC446C04A}.Debug|Any CPU.Build.0 = Debug|Any CPU
		{B1AFE8CB-399B-49EA-B1A5-E37FC446C04A}.Debug|Any CPU.Deploy.0 = Debug|Any CPU
		{B1AFE8CB-399B-49EA-B1A5-E37FC446C04A}.Release|Any CPU.ActiveCfg = Release|Any CPU
		{B1AFE8CB-399B-49EA-B1A5-E37FC446C04A}.Release|Any CPU.Build.0 = Release|Any CPU
		{B1AFE8CB-399B-49EA-B1A5-E37FC446C04A}.Release|Any CPU.Deploy.0 = Release|Any CPU
	EndGlobalSection
	GlobalSection(SolutionProperties) = preSolution
		HideSolutionNode = FALSE
	EndGlobalSection
	GlobalSection(ExtensibilityGlobals) = postSolution
		SolutionGuid = {24C5884A-B43B-4D25-8A53-627D307E79B0}
	EndGlobalSection
EndGlobal
